
Microsoft Visual Studio Solution File, Format Version 12.00
# Visual Studio Version 16
VisualStudioVersion = 16.0.30804.86
MinimumVisualStudioVersion = 10.0.40219.1
Project("{F2A71F9B-5D33-465A-A702-920D77279786}") = "bpot", "bpot.fsproj", "{062DBFB3-7FD7-4165-A2B6-60C21CDD48F6}"
EndProject
Global
	GlobalSection(SolutionConfigurationPlatforms) = preSolution
		Debug|Any CPU = Debug|Any CPU
		Release|Any CPU = Release|Any CPU
	EndGlobalSection
	GlobalSection(ProjectConfigurationPlatforms) = postSolution
		{062DBFB3-7FD7-4165-A2B6-60C21CDD48F6}.Debug|Any CPU.ActiveCfg = Debug|Any CPU
		{062DBFB3-7FD7-4165-A2B6-60C21CDD48F6}.Debug|Any CPU.Build.0 = Debug|Any CPU
		{062DBFB3-7FD7-4165-A2B6-60C21CDD48F6}.Release|Any CPU.ActiveCfg = Release|Any CPU
		{062DBFB3-7FD7-4165-A2B6-60C21CDD48F6}.Release|Any CPU.Build.0 = Release|Any CPU
	EndGlobalSection
	GlobalSection(SolutionProperties) = preSolution
		HideSolutionNode = FALSE
	EndGlobalSection
	GlobalSection(ExtensibilityGlobals) = postSolution
		SolutionGuid = {F7E38590-2CEE-4068-B05E-1A62A179256D}
	EndGlobalSection
EndGlobal
